// !$*UTF8*$!
{
	archiveVersion = 1;
	classes = {
	};
	objectVersion = 50;
	objects = {

/* Begin PBXBuildFile section */
		8325A61B223A24DB00C8BE01 /* AppDelegate.swift in Sources */ = {isa = PBXBuildFile; fileRef = 8325A61A223A24DB00C8BE01 /* AppDelegate.swift */; };
		8325A61D223A24DB00C8BE01 /* ViewController.swift in Sources */ = {isa = PBXBuildFile; fileRef = 8325A61C223A24DB00C8BE01 /* ViewController.swift */; };
		8325A620223A24DB00C8BE01 /* Main.storyboard in Resources */ = {isa = PBXBuildFile; fileRef = 8325A61E223A24DB00C8BE01 /* Main.storyboard */; };
		8325A622223A24E000C8BE01 /* Assets.xcassets in Resources */ = {isa = PBXBuildFile; fileRef = 8325A621223A24E000C8BE01 /* Assets.xcassets */; };
		8325A625223A24E000C8BE01 /* LaunchScreen.storyboard in Resources */ = {isa = PBXBuildFile; fileRef = 8325A623223A24E000C8BE01 /* LaunchScreen.storyboard */; };
		8325A62D223A25B200C8BE01 /* RecordScreenVC.swift in Sources */ = {isa = PBXBuildFile; fileRef = 8325A62C223A25B200C8BE01 /* RecordScreenVC.swift */; };
		8325A630223A25FC00C8BE01 /* GalleryVC.swift in Sources */ = {isa = PBXBuildFile; fileRef = 8325A62F223A25FC00C8BE01 /* GalleryVC.swift */; };
		8325A634223A3C6A00C8BE01 /* GalleryCollectionViewCell.swift in Sources */ = {isa = PBXBuildFile; fileRef = 8325A633223A3C6A00C8BE01 /* GalleryCollectionViewCell.swift */; };
/* End PBXBuildFile section */

/* Begin PBXFileReference section */
		8325A617223A24DB00C8BE01 /* ScreenRecording.app */ = {isa = PBXFileReference; explicitFileType = wrapper.application; includeInIndex = 0; path = ScreenRecording.app; sourceTree = BUILT_PRODUCTS_DIR; };
		8325A61A223A24DB00C8BE01 /* AppDelegate.swift */ = {isa = PBXFileReference; lastKnownFileType = sourcecode.swift; path = AppDelegate.swift; sourceTree = "<group>"; };
		8325A61C223A24DB00C8BE01 /* ViewController.swift */ = {isa = PBXFileReference; lastKnownFileType = sourcecode.swift; path = ViewController.swift; sourceTree = "<group>"; };
		8325A61F223A24DB00C8BE01 /* Base */ = {isa = PBXFileReference; lastKnownFileType = file.storyboard; name = Base; path = Base.lproj/Main.storyboard; sourceTree = "<group>"; };
		8325A621223A24E000C8BE01 /* Assets.xcassets */ = {isa = PBXFileReference; lastKnownFileType = folder.assetcatalog; path = Assets.xcassets; sourceTree = "<group>"; };
		8325A624223A24E000C8BE01 /* Base */ = {isa = PBXFileReference; lastKnownFileType = file.storyboard; name = Base; path = Base.lproj/LaunchScreen.storyboard; sourceTree = "<group>"; };
		8325A626223A24E000C8BE01 /* Info.plist */ = {isa = PBXFileReference; lastKnownFileType = text.plist.xml; path = Info.plist; sourceTree = "<group>"; };
		8325A62C223A25B200C8BE01 /* RecordScreenVC.swift */ = {isa = PBXFileReference; lastKnownFileType = sourcecode.swift; path = RecordScreenVC.swift; sourceTree = "<group>"; };
		8325A62F223A25FC00C8BE01 /* GalleryVC.swift */ = {isa = PBXFileReference; lastKnownFileType = sourcecode.swift; path = GalleryVC.swift; sourceTree = "<group>"; };
		8325A633223A3C6A00C8BE01 /* GalleryCollectionViewCell.swift */ = {isa = PBXFileReference; lastKnownFileType = sourcecode.swift; path = GalleryCollectionViewCell.swift; sourceTree = "<group>"; };
/* End PBXFileReference section */

/* Begin PBXFrameworksBuildPhase section */
		8325A614223A24DB00C8BE01 /* Frameworks */ = {
			isa = PBXFrameworksBuildPhase;
			buildActionMask = 2147483647;
			files = (
			);
			runOnlyForDeploymentPostprocessing = 0;
		};
/* End PBXFrameworksBuildPhase section */

/* Begin PBXGroup section */
		8325A60E223A24DB00C8BE01 = {
			isa = PBXGroup;
			children = (
				8325A619223A24DB00C8BE01 /* ScreenRecording */,
				8325A618223A24DB00C8BE01 /* Products */,
			);
			sourceTree = "<group>";
		};
		8325A618223A24DB00C8BE01 /* Products */ = {
			isa = PBXGroup;
			children = (
				8325A617223A24DB00C8BE01 /* ScreenRecording.app */,
			);
			name = Products;
			sourceTree = "<group>";
		};
		8325A619223A24DB00C8BE01 /* ScreenRecording */ = {
			isa = PBXGroup;
			children = (
				8325A631223A3C4400C8BE01 /* Views */,
				8325A61A223A24DB00C8BE01 /* AppDelegate.swift */,
				8325A61C223A24DB00C8BE01 /* ViewController.swift */,
				8325A61E223A24DB00C8BE01 /* Main.storyboard */,
				8325A621223A24E000C8BE01 /* Assets.xcassets */,
				8325A623223A24E000C8BE01 /* LaunchScreen.storyboard */,
				8325A626223A24E000C8BE01 /* Info.plist */,
			);
			path = ScreenRecording;
			sourceTree = "<group>";
		};
		8325A62E223A25B900C8BE01 /* ViewControllers */ = {
			isa = PBXGroup;
			children = (
				8325A62C223A25B200C8BE01 /* RecordScreenVC.swift */,
				8325A62F223A25FC00C8BE01 /* GalleryVC.swift */,
			);
			path = ViewControllers;
			sourceTree = "<group>";
		};
		8325A631223A3C4400C8BE01 /* Views */ = {
			isa = PBXGroup;
			children = (
				8325A632223A3C5200C8BE01 /* ViewCell */,
				8325A62E223A25B900C8BE01 /* ViewControllers */,
			);
			path = Views;
			sourceTree = "<group>";
		};
		8325A632223A3C5200C8BE01 /* ViewCell */ = {
			isa = PBXGroup;
			children = (
				8325A633223A3C6A00C8BE01 /* GalleryCollectionViewCell.swift */,
			);
			path = ViewCell;
			sourceTree = "<group>";
		};
/* End PBXGroup section */

/* Begin PBXNativeTarget section */
		8325A616223A24DB00C8BE01 /* ScreenRecording */ = {
			isa = PBXNativeTarget;
			buildConfigurationList = 8325A629223A24E000C8BE01 /* Build configuration list for PBXNativeTarget "ScreenRecording" */;
			buildPhases = (
				8325A613223A24DB00C8BE01 /* Sources */,
				8325A614223A24DB00C8BE01 /* Frameworks */,
				8325A615223A24DB00C8BE01 /* Resources */,
			);
			buildRules = (
			);
			dependencies = (
			);
			name = ScreenRecording;
			productName = ScreenRecording;
			productReference = 8325A617223A24DB00C8BE01 /* ScreenRecording.app */;
			productType = "com.apple.product-type.application";
		};
/* End PBXNativeTarget section */

/* Begin PBXProject section */
		8325A60F223A24DB00C8BE01 /* Project object */ = {
			isa = PBXProject;
			attributes = {
				LastSwiftUpdateCheck = 1010;
				LastUpgradeCheck = 1010;
				ORGANIZATIONNAME = "Noopur Virmani";
				TargetAttributes = {
					8325A616223A24DB00C8BE01 = {
						CreatedOnToolsVersion = 10.1;
					};
				};
			};
			buildConfigurationList = 8325A612223A24DB00C8BE01 /* Build configuration list for PBXProject "ScreenRecording" */;
			compatibilityVersion = "Xcode 9.3";
			developmentRegion = en;
			hasScannedForEncodings = 0;
			knownRegions = (
				en,
				Base,
			);
			mainGroup = 8325A60E223A24DB00C8BE01;
			productRefGroup = 8325A618223A24DB00C8BE01 /* Products */;
			projectDirPath = "";
			projectRoot = "";
			targets = (
				8325A616223A24DB00C8BE01 /* ScreenRecording */,
			);
		};
/* End PBXProject section */

/* Begin PBXResourcesBuildPhase section */
		8325A615223A24DB00C8BE01 /* Resources */ = {
			isa = PBXResourcesBuildPhase;
			buildActionMask = 2147483647;
			files = (
				8325A625223A24E000C8BE01 /* LaunchScreen.storyboard in Resources */,
				8325A622223A24E000C8BE01 /* Assets.xcassets in Resources */,
				8325A620223A24DB00C8BE01 /* Main.storyboard in Resources */,
			);
			runOnlyForDeploymentPostprocessing = 0;
		};
/* End PBXResourcesBuildPhase section */

/* Begin PBXSourcesBuildPhase section */
		8325A613223A24DB00C8BE01 /* Sources */ = {
			isa = PBXSourcesBuildPhase;
			buildActionMask = 2147483647;
			files = (
				8325A62D223A25B200C8BE01 /* RecordScreenVC.swift in Sources */,
				8325A634223A3C6A00C8BE01 /* GalleryCollectionViewCell.swift in Sources */,
				8325A61D223A24DB00C8BE01 /* ViewController.swift in Sources */,
				8325A61B223A24DB00C8BE01 /* AppDelegate.swift in Sources */,
				8325A630223A25FC00C8BE01 /* GalleryVC.swift in Sources */,
			);
			runOnlyForDeploymentPostprocessing = 0;
		};
/* End PBXSourcesBuildPhase section */

/* Begin PBXVariantGroup section */
		8325A61E223A24DB00C8BE01 /* Main.storyboard */ = {
			isa = PBXVariantGroup;
			children = (
				8325A61F223A24DB00C8BE01 /* Base */,
			);
			name = Main.storyboard;
			sourceTree = "<group>";
		};
		8325A623223A24E000C8BE01 /* LaunchScreen.storyboard */ = {
			isa = PBXVariantGroup;
			children = (
				8325A624223A24E000C8BE01 /* Base */,
			);
			name = LaunchScreen.storyboard;
			sourceTree = "<group>";
		};
/* End PBXVariantGroup section */

/* Begin XCBuildConfiguration section */
		8325A627223A24E000C8BE01 /* Debug */ = {
			isa = XCBuildConfiguration;
			buildSettings = {
				ALWAYS_SEARCH_USER_PATHS = NO;
				CLANG_ANALYZER_NONNULL = YES;
				CLANG_ANALYZER_NUMBER_OBJECT_CONVERSION = YES_AGGRESSIVE;
				CLANG_CXX_LANGUAGE_STANDARD = "gnu++14";
				CLANG_CXX_LIBRARY = "libc++";
				CLANG_ENABLE_MODULES = YES;
				CLANG_ENABLE_OBJC_ARC = YES;
				CLANG_ENABLE_OBJC_WEAK = YES;
				CLANG_WARN_BLOCK_CAPTURE_AUTORELEASING = YES;
				CLANG_WARN_BOOL_CONVERSION = YES;
				CLANG_WARN_COMMA = YES;
				CLANG_WARN_CONSTANT_CONVERSION = YES;
				CLANG_WARN_DEPRECATED_OBJC_IMPLEMENTATIONS = YES;
				CLANG_WARN_DIRECT_OBJC_ISA_USAGE = YES_ERROR;
				CLANG_WARN_DOCUMENTATION_COMMENTS = YES;
				CLANG_WARN_EMPTY_BODY = YES;
				CLANG_WARN_ENUM_CONVERSION = YES;
				CLANG_WARN_INFINITE_RECURSION = YES;
				CLANG_WARN_INT_CONVERSION = YES;
				CLANG_WARN_NON_LITERAL_NULL_CONVERSION = YES;
				CLANG_WARN_OBJC_IMPLICIT_RETAIN_SELF = YES;
				CLANG_WARN_OBJC_LITERAL_CONVERSION = YES;
				CLANG_WARN_OBJC_ROOT_CLASS = YES_ERROR;
				CLANG_WARN_RANGE_LOOP_ANALYSIS = YES;
				CLANG_WARN_STRICT_PROTOTYPES = YES;
				CLANG_WARN_SUSPICIOUS_MOVE = YES;
				CLANG_WARN_UNGUARDED_AVAILABILITY = YES_AGGRESSIVE;
				CLANG_WARN_UNREACHABLE_CODE = YES;
				CLANG_WARN__DUPLICATE_METHOD_MATCH = YES;
				CODE_SIGN_IDENTITY = "iPhone Developer";
				COPY_PHASE_STRIP = NO;
				DEBUG_INFORMATION_FORMAT = dwarf;
				ENABLE_STRICT_OBJC_MSGSEND = YES;
				ENABLE_TESTABILITY = YES;
				GCC_C_LANGUAGE_STANDARD = gnu11;
				GCC_DYNAMIC_NO_PIC = NO;
				GCC_NO_COMMON_BLOCKS = YES;
				GCC_OPTIMIZATION_LEVEL = 0;
				GCC_PREPROCESSOR_DEFINITIONS = (
					"DEBUG=1",
					"$(inherited)",
				);
				GCC_WARN_64_TO_32_BIT_CONVERSION = YES;
				GCC_WARN_ABOUT_RETURN_TYPE = YES_ERROR;
				GCC_WARN_UNDECLARED_SELECTOR = YES;
				GCC_WARN_UNINITIALIZED_AUTOS = YES_AGGRESSIVE;
				GCC_WARN_UNUSED_FUNCTION = YES;
				GCC_WARN_UNUSED_VARIABLE = YES;
				IPHONEOS_DEPLOYMENT_TARGET = 12.1;
				MTL_ENABLE_DEBUG_INFO = INCLUDE_SOURCE;
				MTL_FAST_MATH = YES;
				ONLY_ACTIVE_ARCH = YES;
				SDKROOT = iphoneos;
				SWIFT_ACTIVE_COMPILATION_CONDITIONS = DEBUG;
				SWIFT_OPTIMIZATION_LEVEL = "-Onone";
			};
			name = Debug;
		};
		8325A628223A24E000C8BE01 /* Release */ = {
			isa = XCBuildConfiguration;
			buildSettings = {
				ALWAYS_SEARCH_USER_PATHS = NO;
				CLANG_ANALYZER_NONNULL = YES;
				CLANG_ANALYZER_NUMBER_OBJECT_CONVERSION = YES_AGGRESSIVE;
				CLANG_CXX_LANGUAGE_STANDARD = "gnu++14";
				CLANG_CXX_LIBRARY = "libc++";
				CLANG_ENABLE_MODULES = YES;
				CLANG_ENABLE_OBJC_ARC = YES;
				CLANG_ENABLE_OBJC_WEAK = YES;
				CLANG_WARN_BLOCK_CAPTURE_AUTORELEASING = YES;
				CLANG_WARN_BOOL_CONVERSION = YES;
				CLANG_WARN_COMMA = YES;
				CLANG_WARN_CONSTANT_CONVERSION = YES;
				CLANG_WARN_DEPRECATED_OBJC_IMPLEMENTATIONS = YES;
				CLANG_WARN_DIRECT_OBJC_ISA_USAGE = YES_ERROR;
				CLANG_WARN_DOCUMENTATION_COMMENTS = YES;
				CLANG_WARN_EMPTY_BODY = YES;
				CLANG_WARN_ENUM_CONVERSION = YES;
				CLANG_WARN_INFINITE_RECURSION = YES;
				CLANG_WARN_INT_CONVERSION = YES;
				CLANG_WARN_NON_LITERAL_NULL_CONVERSION = YES;
				CLANG_WARN_OBJC_IMPLICIT_RETAIN_SELF = YES;
				CLANG_WARN_OBJC_LITERAL_CONVERSION = YES;
				CLANG_WARN_OBJC_ROOT_CLASS = YES_ERROR;
				CLANG_WARN_RANGE_LOOP_ANALYSIS = YES;
				CLANG_WARN_STRICT_PROTOTYPES = YES;
				CLANG_WARN_SUSPICIOUS_MOVE = YES;
				CLANG_WARN_UNGUARDED_AVAILABILITY = YES_AGGRESSIVE;
				CLANG_WARN_UNREACHABLE_CODE = YES;
				CLANG_WARN__DUPLICATE_METHOD_MATCH = YES;
				CODE_SIGN_IDENTITY = "iPhone Developer";
				COPY_PHASE_STRIP = NO;
				DEBUG_INFORMATION_FORMAT = "dwarf-with-dsym";
				ENABLE_NS_ASSERTIONS = NO;
				ENABLE_STRICT_OBJC_MSGSEND = YES;
				GCC_C_LANGUAGE_STANDARD = gnu11;
				GCC_NO_COMMON_BLOCKS = YES;
				GCC_WARN_64_TO_32_BIT_CONVERSION = YES;
				GCC_WARN_ABOUT_RETURN_TYPE = YES_ERROR;
				GCC_WARN_UNDECLARED_SELECTOR = YES;
				GCC_WARN_UNINITIALIZED_AUTOS = YES_AGGRESSIVE;
				GCC_WARN_UNUSED_FUNCTION = YES;
				GCC_WARN_UNUSED_VARIABLE = YES;
				IPHONEOS_DEPLOYMENT_TARGET = 12.1;
				MTL_ENABLE_DEBUG_INFO = NO;
				MTL_FAST_MATH = YES;
				SDKROOT = iphoneos;
				SWIFT_COMPILATION_MODE = wholemodule;
				SWIFT_OPTIMIZATION_LEVEL = "-O";
				VALIDATE_PRODUCT = YES;
			};
			name = Release;
		};
		8325A62A223A24E000C8BE01 /* Debug */ = {
			isa = XCBuildConfiguration;
			buildSettings = {
				ASSETCATALOG_COMPILER_APPICON_NAME = AppIcon;
				CODE_SIGN_STYLE = Automatic;
				DEVELOPMENT_TEAM = YHVX5EEA4D;
				INFOPLIST_FILE = ScreenRecording/Info.plist;
				LD_RUNPATH_SEARCH_PATHS = (
					"$(inherited)",
					"@executable_path/Frameworks",
				);
				PRODUCT_BUNDLE_IDENTIFIER = com.challenge.Challenge.ScreenRecording;
				PRODUCT_NAME = "$(TARGET_NAME)";
				SWIFT_VERSION = 4.2;
				TARGETED_DEVICE_FAMILY = 1;
			};
			name = Debug;
		};
		8325A62B223A24E000C8BE01 /* Release */ = {
			isa = XCBuildConfiguration;
			buildSettings = {
				ASSETCATALOG_COMPILER_APPICON_NAME = AppIcon;
				CODE_SIGN_STYLE = Automatic;
				DEVELOPMENT_TEAM = YHVX5EEA4D;
				INFOPLIST_FILE = ScreenRecording/Info.plist;
				LD_RUNPATH_SEARCH_PATHS = (
					"$(inherited)",
					"@executable_path/Frameworks",
				);
				PRODUCT_BUNDLE_IDENTIFIER = com.challenge.Challenge.ScreenRecording;
				PRODUCT_NAME = "$(TARGET_NAME)";
				SWIFT_VERSION = 4.2;
				TARGETED_DEVICE_FAMILY = 1;
			};
			name = Release;
		};
/* End XCBuildConfiguration section */

/* Begin XCConfigurationList section */
		8325A612223A24DB00C8BE01 /* Build configuration list for PBXProject "ScreenRecording" */ = {
			isa = XCConfigurationList;
			buildConfigurations = (
				8325A627223A24E000C8BE01 /* Debug */,
				8325A628223A24E000C8BE01 /* Release */,
			);
			defaultConfigurationIsVisible = 0;
			defaultConfigurationName = Release;
		};
		8325A629223A24E000C8BE01 /* Build configuration list for PBXNativeTarget "ScreenRecording" */ = {
			isa = XCConfigurationList;
			buildConfigurations = (
				8325A62A223A24E000C8BE01 /* Debug */,
				8325A62B223A24E000C8BE01 /* Release */,
			);
			defaultConfigurationIsVisible = 0;
			defaultConfigurationName = Release;
		};
/* End XCConfigurationList section */
	};
	rootObject = 8325A60F223A24DB00C8BE01 /* Project object */;
}
